
Microsoft Visual Studio Solution File, Format Version 12.00
# Visual Studio 15
Project("{FAE04EC0-301F-11D3-BF4B-00C04F79EFBC}") = "3D_Shooter", "Assembly-CSharp.csproj", "{BFC7A994-BDB8-CCA7-6BCF-D6490FD485DC}"
EndProject
Project("{FAE04EC0-301F-11D3-BF4B-00C04F79EFBC}") = "3D_Shooter", "Assembly-CSharp-Editor.csproj", "{3EA5E630-EF58-46A8-A5B5-7C9FF6C0926E}"
EndProject
Global
	GlobalSection(SolutionConfigurationPlatforms) = preSolution
		Debug|Any CPU = Debug|Any CPU
		Release|Any CPU = Release|Any CPU
	EndGlobalSection
	GlobalSection(ProjectConfigurationPlatforms) = postSolution
		{BFC7A994-BDB8-CCA7-6BCF-D6490FD485DC}.Debug|Any CPU.ActiveCfg = Debug|Any CPU
		{BFC7A994-BDB8-CCA7-6BCF-D6490FD485DC}.Debug|Any CPU.Build.0 = Debug|Any CPU
		{BFC7A994-BDB8-CCA7-6BCF-D6490FD485DC}.Release|Any CPU.ActiveCfg = Release|Any CPU
		{BFC7A994-BDB8-CCA7-6BCF-D6490FD485DC}.Release|Any CPU.Build.0 = Release|Any CPU
		{3EA5E630-EF58-46A8-A5B5-7C9FF6C0926E}.Debug|Any CPU.ActiveCfg = Debug|Any CPU
		{3EA5E630-EF58-46A8-A5B5-7C9FF6C0926E}.Debug|Any CPU.Build.0 = Debug|Any CPU
		{3EA5E630-EF58-46A8-A5B5-7C9FF6C0926E}.Release|Any CPU.ActiveCfg = Release|Any CPU
		{3EA5E630-EF58-46A8-A5B5-7C9FF6C0926E}.Release|Any CPU.Build.0 = Release|Any CPU
	EndGlobalSection
	GlobalSection(SolutionProperties) = preSolution
		HideSolutionNode = FALSE
	EndGlobalSection
EndGlobal
